
Microsoft Visual Studio Solution File, Format Version 12.00
# Visual Studio Version 17
VisualStudioVersion = 17.5.33516.290
MinimumVisualStudioVersion = 10.0.40219.1
Project("{9A19103F-16F7-4668-BE54-9A1E7A4F7556}") = "TextEncryption", "TextEncryption\TextEncryption.csproj", "{E5E48AD5-9B79-46AB-BA2E-C28EDF0430FF}"
EndProject
Project("{FAE04EC0-301F-11D3-BF4B-00C04F79EFBC}") = "TextEncryption.Test", "TextEncryption.Test\TextEncryption.Test.csproj", "{AA71B165-A380-4CF7-90FF-B0D3B37E14DC}"
EndProject
Global
	GlobalSection(SolutionConfigurationPlatforms) = preSolution
		Debug|Any CPU = Debug|Any CPU
		Release|Any CPU = Release|Any CPU
	EndGlobalSection
	GlobalSection(ProjectConfigurationPlatforms) = postSolution
		{E5E48AD5-9B79-46AB-BA2E-C28EDF0430FF}.Debug|Any CPU.ActiveCfg = Debug|Any CPU
		{E5E48AD5-9B79-46AB-BA2E-C28EDF0430FF}.Debug|Any CPU.Build.0 = Debug|Any CPU
		{E5E48AD5-9B79-46AB-BA2E-C28EDF0430FF}.Release|Any CPU.ActiveCfg = Release|Any CPU
		{E5E48AD5-9B79-46AB-BA2E-C28EDF0430FF}.Release|Any CPU.Build.0 = Release|Any CPU
		{AA71B165-A380-4CF7-90FF-B0D3B37E14DC}.Debug|Any CPU.ActiveCfg = Debug|Any CPU
		{AA71B165-A380-4CF7-90FF-B0D3B37E14DC}.Debug|Any CPU.Build.0 = Debug|Any CPU
		{AA71B165-A380-4CF7-90FF-B0D3B37E14DC}.Release|Any CPU.ActiveCfg = Release|Any CPU
		{AA71B165-A380-4CF7-90FF-B0D3B37E14DC}.Release|Any CPU.Build.0 = Release|Any CPU
	EndGlobalSection
	GlobalSection(SolutionProperties) = preSolution
		HideSolutionNode = FALSE
	EndGlobalSection
	GlobalSection(ExtensibilityGlobals) = postSolution
		SolutionGuid = {18B78772-059F-49C2-B541-ACF8E09E7914}
	EndGlobalSection
EndGlobal
